
Microsoft Visual Studio Solution File, Format Version 12.00
# Visual Studio Version 17
VisualStudioVersion = 17.14.36109.1
MinimumVisualStudioVersion = 10.0.40219.1
Project("{FAE04EC0-301F-11D3-BF4B-00C04F79EFBC}") = "Synapsers.MudBlazor.ThemeManager.Saver", "src\Synapsers.MudBlazor.ThemeManager.Saver\Synapsers.MudBlazor.ThemeManager.Saver.csproj", "{2C838480-5DBE-C372-F827-F55091986EC5}"
EndProject
Global
	GlobalSection(SolutionConfigurationPlatforms) = preSolution
		Debug|Any CPU = Debug|Any CPU
		Release|Any CPU = Release|Any CPU
	EndGlobalSection
	GlobalSection(ProjectConfigurationPlatforms) = postSolution
		{2C838480-5DBE-C372-F827-F55091986EC5}.Debug|Any CPU.ActiveCfg = Debug|Any CPU
		{2C838480-5DBE-C372-F827-F55091986EC5}.Debug|Any CPU.Build.0 = Debug|Any CPU
		{2C838480-5DBE-C372-F827-F55091986EC5}.Release|Any CPU.ActiveCfg = Release|Any CPU
		{2C838480-5DBE-C372-F827-F55091986EC5}.Release|Any CPU.Build.0 = Release|Any CPU
	EndGlobalSection
	GlobalSection(SolutionProperties) = preSolution
		HideSolutionNode = FALSE
	EndGlobalSection
	GlobalSection(ExtensibilityGlobals) = postSolution
		SolutionGuid = {87C6FC06-0370-42D2-AC79-6F4636BFD851}
	EndGlobalSection
EndGlobal
